// !$*UTF8*$!
{
	archiveVersion = 1;
	classes = {
	};
	objectVersion = 46;
	objects = {

/* Begin PBXBuildFile section */
		18D8A60B1CA1BE4000F8C00B /* AppDelegate.swift in Sources */ = {isa = PBXBuildFile; fileRef = 18D8A60A1CA1BE4000F8C00B /* AppDelegate.swift */; };
		18D8A60D1CA1BE4000F8C00B /* ViewController.swift in Sources */ = {isa = PBXBuildFile; fileRef = 18D8A60C1CA1BE4000F8C00B /* ViewController.swift */; };
		18D8A6101CA1BE4000F8C00B /* Main.storyboard in Resources */ = {isa = PBXBuildFile; fileRef = 18D8A60E1CA1BE4000F8C00B /* Main.storyboard */; };
		18D8A6121CA1BE4000F8C00B /* Assets.xcassets in Resources */ = {isa = PBXBuildFile; fileRef = 18D8A6111CA1BE4000F8C00B /* Assets.xcassets */; };
		18D8A6151CA1BE4000F8C00B /* LaunchScreen.storyboard in Resources */ = {isa = PBXBuildFile; fileRef = 18D8A6131CA1BE4000F8C00B /* LaunchScreen.storyboard */; };
		8AB7BF9F1CA34AAE00BE5573 /* Model.xcdatamodeld in Sources */ = {isa = PBXBuildFile; fileRef = 8AB7BF9D1CA34AAE00BE5573 /* Model.xcdatamodeld */; };
		F63456401CA2DE91004F150F /* Usuario.swift in Sources */ = {isa = PBXBuildFile; fileRef = F634563F1CA2DE91004F150F /* Usuario.swift */; };
		F63456421CA2E193004F150F /* Paciente.swift in Sources */ = {isa = PBXBuildFile; fileRef = F63456411CA2E193004F150F /* Paciente.swift */; };
		F63456441CA2E2FD004F150F /* Endereco.swift in Sources */ = {isa = PBXBuildFile; fileRef = F63456431CA2E2FD004F150F /* Endereco.swift */; };
		F63456461CA2E5DF004F150F /* Contato.swift in Sources */ = {isa = PBXBuildFile; fileRef = F63456451CA2E5DF004F150F /* Contato.swift */; };
		F669BCD51CA33247006E7146 /* Clinica.swift in Sources */ = {isa = PBXBuildFile; fileRef = F669BCD41CA33247006E7146 /* Clinica.swift */; };
		F669BCD71CA33320006E7146 /* Consulta.swift in Sources */ = {isa = PBXBuildFile; fileRef = F669BCD61CA33320006E7146 /* Consulta.swift */; };
		F669BCD91CA3338F006E7146 /* Data.swift in Sources */ = {isa = PBXBuildFile; fileRef = F669BCD81CA3338F006E7146 /* Data.swift */; };
		F669BCDB1CA33426006E7146 /* tipoConsulta.swift in Sources */ = {isa = PBXBuildFile; fileRef = F669BCDA1CA33426006E7146 /* tipoConsulta.swift */; };
		F669BCDD1CA3386D006E7146 /* Medico.swift in Sources */ = {isa = PBXBuildFile; fileRef = F669BCDC1CA3386D006E7146 /* Medico.swift */; };
/* End PBXBuildFile section */

/* Begin PBXFileReference section */
		18D8A6071CA1BE4000F8C00B /* ChallengeDayUtility.app */ = {isa = PBXFileReference; explicitFileType = wrapper.application; includeInIndex = 0; path = ChallengeDayUtility.app; sourceTree = BUILT_PRODUCTS_DIR; };
		18D8A60A1CA1BE4000F8C00B /* AppDelegate.swift */ = {isa = PBXFileReference; lastKnownFileType = sourcecode.swift; path = AppDelegate.swift; sourceTree = "<group>"; };
		18D8A60C1CA1BE4000F8C00B /* ViewController.swift */ = {isa = PBXFileReference; lastKnownFileType = sourcecode.swift; path = ViewController.swift; sourceTree = "<group>"; };
		18D8A60F1CA1BE4000F8C00B /* Base */ = {isa = PBXFileReference; lastKnownFileType = file.storyboard; name = Base; path = Base.lproj/Main.storyboard; sourceTree = "<group>"; };
		18D8A6111CA1BE4000F8C00B /* Assets.xcassets */ = {isa = PBXFileReference; lastKnownFileType = folder.assetcatalog; path = Assets.xcassets; sourceTree = "<group>"; };
		18D8A6141CA1BE4000F8C00B /* Base */ = {isa = PBXFileReference; lastKnownFileType = file.storyboard; name = Base; path = Base.lproj/LaunchScreen.storyboard; sourceTree = "<group>"; };
		18D8A6161CA1BE4000F8C00B /* Info.plist */ = {isa = PBXFileReference; lastKnownFileType = text.plist.xml; path = Info.plist; sourceTree = "<group>"; };
		8AB7BF9E1CA34AAE00BE5573 /* Model.xcdatamodel */ = {isa = PBXFileReference; lastKnownFileType = wrapper.xcdatamodel; path = Model.xcdatamodel; sourceTree = "<group>"; };
		F634563F1CA2DE91004F150F /* Usuario.swift */ = {isa = PBXFileReference; fileEncoding = 4; lastKnownFileType = sourcecode.swift; path = Usuario.swift; sourceTree = "<group>"; };
		F63456411CA2E193004F150F /* Paciente.swift */ = {isa = PBXFileReference; fileEncoding = 4; lastKnownFileType = sourcecode.swift; path = Paciente.swift; sourceTree = "<group>"; };
		F63456431CA2E2FD004F150F /* Endereco.swift */ = {isa = PBXFileReference; fileEncoding = 4; lastKnownFileType = sourcecode.swift; path = Endereco.swift; sourceTree = "<group>"; };
		F63456451CA2E5DF004F150F /* Contato.swift */ = {isa = PBXFileReference; fileEncoding = 4; lastKnownFileType = sourcecode.swift; path = Contato.swift; sourceTree = "<group>"; };
		F669BCD41CA33247006E7146 /* Clinica.swift */ = {isa = PBXFileReference; fileEncoding = 4; lastKnownFileType = sourcecode.swift; path = Clinica.swift; sourceTree = "<group>"; };
		F669BCD61CA33320006E7146 /* Consulta.swift */ = {isa = PBXFileReference; fileEncoding = 4; lastKnownFileType = sourcecode.swift; path = Consulta.swift; sourceTree = "<group>"; };
		F669BCD81CA3338F006E7146 /* Data.swift */ = {isa = PBXFileReference; fileEncoding = 4; lastKnownFileType = sourcecode.swift; path = Data.swift; sourceTree = "<group>"; };
		F669BCDA1CA33426006E7146 /* tipoConsulta.swift */ = {isa = PBXFileReference; fileEncoding = 4; lastKnownFileType = sourcecode.swift; path = tipoConsulta.swift; sourceTree = "<group>"; };
		F669BCDC1CA3386D006E7146 /* Medico.swift */ = {isa = PBXFileReference; fileEncoding = 4; lastKnownFileType = sourcecode.swift; path = Medico.swift; sourceTree = "<group>"; };
/* End PBXFileReference section */

/* Begin PBXFrameworksBuildPhase section */
		18D8A6041CA1BE4000F8C00B /* Frameworks */ = {
			isa = PBXFrameworksBuildPhase;
			buildActionMask = 2147483647;
			files = (
			);
			runOnlyForDeploymentPostprocessing = 0;
		};
/* End PBXFrameworksBuildPhase section */

/* Begin PBXGroup section */
		18D8A5FE1CA1BE4000F8C00B = {
			isa = PBXGroup;
			children = (
				18D8A6091CA1BE4000F8C00B /* ChallengeDayUtility */,
				18D8A6081CA1BE4000F8C00B /* Products */,
			);
			sourceTree = "<group>";
		};
		18D8A6081CA1BE4000F8C00B /* Products */ = {
			isa = PBXGroup;
			children = (
				18D8A6071CA1BE4000F8C00B /* ChallengeDayUtility.app */,
			);
			name = Products;
			sourceTree = "<group>";
		};
		18D8A6091CA1BE4000F8C00B /* ChallengeDayUtility */ = {
			isa = PBXGroup;
			children = (
				F63310DC1CA447AA00632E8C /* Model */,
				18D8A60A1CA1BE4000F8C00B /* AppDelegate.swift */,
				18D8A60C1CA1BE4000F8C00B /* ViewController.swift */,
				18D8A60E1CA1BE4000F8C00B /* Main.storyboard */,
				18D8A6111CA1BE4000F8C00B /* Assets.xcassets */,
				18D8A6131CA1BE4000F8C00B /* LaunchScreen.storyboard */,
				18D8A6161CA1BE4000F8C00B /* Info.plist */,
				8AB7BF9D1CA34AAE00BE5573 /* Model.xcdatamodeld */,
			);
			path = ChallengeDayUtility;
			sourceTree = "<group>";
		};
		F63310DC1CA447AA00632E8C /* Model */ = {
			isa = PBXGroup;
			children = (
				F634563F1CA2DE91004F150F /* Usuario.swift */,
				F63456411CA2E193004F150F /* Paciente.swift */,
				F63456431CA2E2FD004F150F /* Endereco.swift */,
				F63456451CA2E5DF004F150F /* Contato.swift */,
				F669BCD41CA33247006E7146 /* Clinica.swift */,
				F669BCD61CA33320006E7146 /* Consulta.swift */,
				F669BCD81CA3338F006E7146 /* Data.swift */,
				F669BCDA1CA33426006E7146 /* tipoConsulta.swift */,
				F669BCDC1CA3386D006E7146 /* Medico.swift */,
			);
			name = Model;
			sourceTree = "<group>";
		};
/* End PBXGroup section */

/* Begin PBXNativeTarget section */
		18D8A6061CA1BE4000F8C00B /* ChallengeDayUtility */ = {
			isa = PBXNativeTarget;
			buildConfigurationList = 18D8A6191CA1BE4000F8C00B /* Build configuration list for PBXNativeTarget "ChallengeDayUtility" */;
			buildPhases = (
				18D8A6031CA1BE4000F8C00B /* Sources */,
				18D8A6041CA1BE4000F8C00B /* Frameworks */,
				18D8A6051CA1BE4000F8C00B /* Resources */,
			);
			buildRules = (
			);
			dependencies = (
			);
			name = ChallengeDayUtility;
			productName = ChallengeDayUtility;
			productReference = 18D8A6071CA1BE4000F8C00B /* ChallengeDayUtility.app */;
			productType = "com.apple.product-type.application";
		};
/* End PBXNativeTarget section */

/* Begin PBXProject section */
		18D8A5FF1CA1BE4000F8C00B /* Project object */ = {
			isa = PBXProject;
			attributes = {
				LastSwiftUpdateCheck = 0720;
				LastUpgradeCheck = 0720;
				ORGANIZATIONNAME = "Ana Luiza Ferrer";
				TargetAttributes = {
					18D8A6061CA1BE4000F8C00B = {
						CreatedOnToolsVersion = 7.2.1;
					};
				};
			};
			buildConfigurationList = 18D8A6021CA1BE4000F8C00B /* Build configuration list for PBXProject "ChallengeDayUtility" */;
			compatibilityVersion = "Xcode 3.2";
			developmentRegion = English;
			hasScannedForEncodings = 0;
			knownRegions = (
				en,
				Base,
			);
			mainGroup = 18D8A5FE1CA1BE4000F8C00B;
			productRefGroup = 18D8A6081CA1BE4000F8C00B /* Products */;
			projectDirPath = "";
			projectRoot = "";
			targets = (
				18D8A6061CA1BE4000F8C00B /* ChallengeDayUtility */,
			);
		};
/* End PBXProject section */

/* Begin PBXResourcesBuildPhase section */
		18D8A6051CA1BE4000F8C00B /* Resources */ = {
			isa = PBXResourcesBuildPhase;
			buildActionMask = 2147483647;
			files = (
				18D8A6151CA1BE4000F8C00B /* LaunchScreen.storyboard in Resources */,
				18D8A6121CA1BE4000F8C00B /* Assets.xcassets in Resources */,
				18D8A6101CA1BE4000F8C00B /* Main.storyboard in Resources */,
			);
			runOnlyForDeploymentPostprocessing = 0;
		};
/* End PBXResourcesBuildPhase section */

/* Begin PBXSourcesBuildPhase section */
		18D8A6031CA1BE4000F8C00B /* Sources */ = {
			isa = PBXSourcesBuildPhase;
			buildActionMask = 2147483647;
			files = (
				F63456461CA2E5DF004F150F /* Contato.swift in Sources */,
				F669BCDD1CA3386D006E7146 /* Medico.swift in Sources */,
				F63456441CA2E2FD004F150F /* Endereco.swift in Sources */,
				F669BCD71CA33320006E7146 /* Consulta.swift in Sources */,
				18D8A60D1CA1BE4000F8C00B /* ViewController.swift in Sources */,
				F669BCDB1CA33426006E7146 /* tipoConsulta.swift in Sources */,
				18D8A60B1CA1BE4000F8C00B /* AppDelegate.swift in Sources */,
				F63456421CA2E193004F150F /* Paciente.swift in Sources */,
				F669BCD51CA33247006E7146 /* Clinica.swift in Sources */,
				F669BCD91CA3338F006E7146 /* Data.swift in Sources */,
				F63456401CA2DE91004F150F /* Usuario.swift in Sources */,
				8AB7BF9F1CA34AAE00BE5573 /* Model.xcdatamodeld in Sources */,
			);
			runOnlyForDeploymentPostprocessing = 0;
		};
/* End PBXSourcesBuildPhase section */

/* Begin PBXVariantGroup section */
		18D8A60E1CA1BE4000F8C00B /* Main.storyboard */ = {
			isa = PBXVariantGroup;
			children = (
				18D8A60F1CA1BE4000F8C00B /* Base */,
			);
			name = Main.storyboard;
			sourceTree = "<group>";
		};
		18D8A6131CA1BE4000F8C00B /* LaunchScreen.storyboard */ = {
			isa = PBXVariantGroup;
			children = (
				18D8A6141CA1BE4000F8C00B /* Base */,
			);
			name = LaunchScreen.storyboard;
			sourceTree = "<group>";
		};
/* End PBXVariantGroup section */

/* Begin XCBuildConfiguration section */
		18D8A6171CA1BE4000F8C00B /* Debug */ = {
			isa = XCBuildConfiguration;
			buildSettings = {
				ALWAYS_SEARCH_USER_PATHS = NO;
				CLANG_CXX_LANGUAGE_STANDARD = "gnu++0x";
				CLANG_CXX_LIBRARY = "libc++";
				CLANG_ENABLE_MODULES = YES;
				CLANG_ENABLE_OBJC_ARC = YES;
				CLANG_WARN_BOOL_CONVERSION = YES;
				CLANG_WARN_CONSTANT_CONVERSION = YES;
				CLANG_WARN_DIRECT_OBJC_ISA_USAGE = YES_ERROR;
				CLANG_WARN_EMPTY_BODY = YES;
				CLANG_WARN_ENUM_CONVERSION = YES;
				CLANG_WARN_INT_CONVERSION = YES;
				CLANG_WARN_OBJC_ROOT_CLASS = YES_ERROR;
				CLANG_WARN_UNREACHABLE_CODE = YES;
				CLANG_WARN__DUPLICATE_METHOD_MATCH = YES;
				"CODE_SIGN_IDENTITY[sdk=iphoneos*]" = "iPhone Developer";
				COPY_PHASE_STRIP = NO;
				DEBUG_INFORMATION_FORMAT = dwarf;
				ENABLE_STRICT_OBJC_MSGSEND = YES;
				ENABLE_TESTABILITY = YES;
				GCC_C_LANGUAGE_STANDARD = gnu99;
				GCC_DYNAMIC_NO_PIC = NO;
				GCC_NO_COMMON_BLOCKS = YES;
				GCC_OPTIMIZATION_LEVEL = 0;
				GCC_PREPROCESSOR_DEFINITIONS = (
					"DEBUG=1",
					"$(inherited)",
				);
				GCC_WARN_64_TO_32_BIT_CONVERSION = YES;
				GCC_WARN_ABOUT_RETURN_TYPE = YES_ERROR;
				GCC_WARN_UNDECLARED_SELECTOR = YES;
				GCC_WARN_UNINITIALIZED_AUTOS = YES_AGGRESSIVE;
				GCC_WARN_UNUSED_FUNCTION = YES;
				GCC_WARN_UNUSED_VARIABLE = YES;
				IPHONEOS_DEPLOYMENT_TARGET = 9.2;
				MTL_ENABLE_DEBUG_INFO = YES;
				ONLY_ACTIVE_ARCH = YES;
				SDKROOT = iphoneos;
				SWIFT_OPTIMIZATION_LEVEL = "-Onone";
			};
			name = Debug;
		};
		18D8A6181CA1BE4000F8C00B /* Release */ = {
			isa = XCBuildConfiguration;
			buildSettings = {
				ALWAYS_SEARCH_USER_PATHS = NO;
				CLANG_CXX_LANGUAGE_STANDARD = "gnu++0x";
				CLANG_CXX_LIBRARY = "libc++";
				CLANG_ENABLE_MODULES = YES;
				CLANG_ENABLE_OBJC_ARC = YES;
				CLANG_WARN_BOOL_CONVERSION = YES;
				CLANG_WARN_CONSTANT_CONVERSION = YES;
				CLANG_WARN_DIRECT_OBJC_ISA_USAGE = YES_ERROR;
				CLANG_WARN_EMPTY_BODY = YES;
				CLANG_WARN_ENUM_CONVERSION = YES;
				CLANG_WARN_INT_CONVERSION = YES;
				CLANG_WARN_OBJC_ROOT_CLASS = YES_ERROR;
				CLANG_WARN_UNREACHABLE_CODE = YES;
				CLANG_WARN__DUPLICATE_METHOD_MATCH = YES;
				"CODE_SIGN_IDENTITY[sdk=iphoneos*]" = "iPhone Developer";
				COPY_PHASE_STRIP = NO;
				DEBUG_INFORMATION_FORMAT = "dwarf-with-dsym";
				ENABLE_NS_ASSERTIONS = NO;
				ENABLE_STRICT_OBJC_MSGSEND = YES;
				GCC_C_LANGUAGE_STANDARD = gnu99;
				GCC_NO_COMMON_BLOCKS = YES;
				GCC_WARN_64_TO_32_BIT_CONVERSION = YES;
				GCC_WARN_ABOUT_RETURN_TYPE = YES_ERROR;
				GCC_WARN_UNDECLARED_SELECTOR = YES;
				GCC_WARN_UNINITIALIZED_AUTOS = YES_AGGRESSIVE;
				GCC_WARN_UNUSED_FUNCTION = YES;
				GCC_WARN_UNUSED_VARIABLE = YES;
				IPHONEOS_DEPLOYMENT_TARGET = 9.2;
				MTL_ENABLE_DEBUG_INFO = NO;
				SDKROOT = iphoneos;
				VALIDATE_PRODUCT = YES;
			};
			name = Release;
		};
		18D8A61A1CA1BE4000F8C00B /* Debug */ = {
			isa = XCBuildConfiguration;
			buildSettings = {
				ASSETCATALOG_COMPILER_APPICON_NAME = AppIcon;
				INFOPLIST_FILE = ChallengeDayUtility/Info.plist;
				LD_RUNPATH_SEARCH_PATHS = "$(inherited) @executable_path/Frameworks";
				PRODUCT_BUNDLE_IDENTIFIER = AnaLuizaFerrer.ChallengeDayUtility;
				PRODUCT_NAME = "$(TARGET_NAME)";
			};
			name = Debug;
		};
		18D8A61B1CA1BE4000F8C00B /* Release */ = {
			isa = XCBuildConfiguration;
			buildSettings = {
				ASSETCATALOG_COMPILER_APPICON_NAME = AppIcon;
				INFOPLIST_FILE = ChallengeDayUtility/Info.plist;
				LD_RUNPATH_SEARCH_PATHS = "$(inherited) @executable_path/Frameworks";
				PRODUCT_BUNDLE_IDENTIFIER = AnaLuizaFerrer.ChallengeDayUtility;
				PRODUCT_NAME = "$(TARGET_NAME)";
			};
			name = Release;
		};
/* End XCBuildConfiguration section */

/* Begin XCConfigurationList section */
		18D8A6021CA1BE4000F8C00B /* Build configuration list for PBXProject "ChallengeDayUtility" */ = {
			isa = XCConfigurationList;
			buildConfigurations = (
				18D8A6171CA1BE4000F8C00B /* Debug */,
				18D8A6181CA1BE4000F8C00B /* Release */,
			);
			defaultConfigurationIsVisible = 0;
			defaultConfigurationName = Release;
		};
		18D8A6191CA1BE4000F8C00B /* Build configuration list for PBXNativeTarget "ChallengeDayUtility" */ = {
			isa = XCConfigurationList;
			buildConfigurations = (
				18D8A61A1CA1BE4000F8C00B /* Debug */,
				18D8A61B1CA1BE4000F8C00B /* Release */,
			);
			defaultConfigurationIsVisible = 0;
			defaultConfigurationName = Release;
		};
/* End XCConfigurationList section */

/* Begin XCVersionGroup section */
		8AB7BF9D1CA34AAE00BE5573 /* Model.xcdatamodeld */ = {
			isa = XCVersionGroup;
			children = (
				8AB7BF9E1CA34AAE00BE5573 /* Model.xcdatamodel */,
			);
			currentVersion = 8AB7BF9E1CA34AAE00BE5573 /* Model.xcdatamodel */;
			path = Model.xcdatamodeld;
			sourceTree = "<group>";
			versionGroupType = wrapper.xcdatamodel;
		};
/* End XCVersionGroup section */
	};
	rootObject = 18D8A5FF1CA1BE4000F8C00B /* Project object */;
}
